
Microsoft Visual Studio Solution File, Format Version 12.00
# Visual Studio 15
VisualStudioVersion = 15.0.28307.1705
MinimumVisualStudioVersion = 10.0.40219.1
Project("{FAE04EC0-301F-11D3-BF4B-00C04F79EFBC}") = "JokesWebApp", "JokesWebApp\JokesWebApp.csproj", "{D5FACCCF-EB51-4FDC-9FFE-5FE7DB3722EB}"
EndProject
Global
	GlobalSection(SolutionConfigurationPlatforms) = preSolution
		Debug|Any CPU = Debug|Any CPU
		Release|Any CPU = Release|Any CPU
	EndGlobalSection
	GlobalSection(ProjectConfigurationPlatforms) = postSolution
		{D5FACCCF-EB51-4FDC-9FFE-5FE7DB3722EB}.Debug|Any CPU.ActiveCfg = Debug|Any CPU
		{D5FACCCF-EB51-4FDC-9FFE-5FE7DB3722EB}.Debug|Any CPU.Build.0 = Debug|Any CPU
		{D5FACCCF-EB51-4FDC-9FFE-5FE7DB3722EB}.Release|Any CPU.ActiveCfg = Release|Any CPU
		{D5FACCCF-EB51-4FDC-9FFE-5FE7DB3722EB}.Release|Any CPU.Build.0 = Release|Any CPU
	EndGlobalSection
	GlobalSection(SolutionProperties) = preSolution
		HideSolutionNode = FALSE
	EndGlobalSection
	GlobalSection(ExtensibilityGlobals) = postSolution
		SolutionGuid = {92021F21-1BB5-405A-B0F9-34B3458802BC}
	EndGlobalSection
EndGlobal
